schema: '2.0'
stages:
  prepare_data:
    cmd: python src/stage_01_prepare.py --config=configs/config.yaml --params=params.yaml
    deps:
    - path: configs/config.yaml
      md5: 2f06fa75d45cd5316539b1631480774b
      size: 427
    - path: data/data.xml
      md5: a304afb96060aad90176268345e10355
      size: 37891850
    - path: src/stage_01_prepare.py
      md5: 179cfee890fb41c8bad36ab714614a95
      size: 1987
    - path: src/utils/common.py
      md5: a9bd2172b6d5d14931e59c0fad897a58
      size: 946
    - path: src/utils/data_mgmt.py
      md5: 6a86fff1eb5a10c2db6680ecc08bf60b
      size: 846
    params:
      params.yaml:
        prepare.seed: 2021
        prepare.split: 0.3
    outs:
    - path: artifacts/prepared/test.tsv
      md5: a0bb558cc0e08269228e02fb57edbdc0
      size: 7240485
    - path: artifacts/prepared/train.tsv
      md5: 3514ce5f1b8c8d976c178e0ad2ae1e78
      size: 16620834
  featurize:
    cmd: python src/stage_02_featurization.py --config=configs/config.yaml --params=params.yaml
    deps:
    - path: artifacts/prepared/test.tsv
      md5: a0bb558cc0e08269228e02fb57edbdc0
      size: 7240485
    - path: artifacts/prepared/train.tsv
      md5: 3514ce5f1b8c8d976c178e0ad2ae1e78
      size: 16620834
    - path: configs/config.yaml
      md5: 2f06fa75d45cd5316539b1631480774b
      size: 427
    - path: src/stage_02_featurization.py
      md5: db7345f4bdde86389468f62ff7ff5b1f
      size: 2847
    - path: src/utils/common.py
      md5: a9bd2172b6d5d14931e59c0fad897a58
      size: 946
    - path: src/utils/featurize.py
      md5: 91d515f8a5c06f0d0c055c0f3b6b3125
      size: 501
    params:
      params.yaml:
        featurize.max_features: 2500
        featurize.ngrams: 2
    outs:
    - path: artifacts/features/test.pkl
      md5: 143e1eba1faa704bc71fc48bbb3bcb8b
      size: 3702500
    - path: artifacts/features/train.pkl
      md5: e1e08a009f788988c81fb5233b49673a
      size: 8557876
  train:
    cmd: python src/stage_03_train.py --config=configs/config.yaml --params=params.yaml
    deps:
    - path: artifacts/features/train.pkl
      md5: e1e08a009f788988c81fb5233b49673a
      size: 8557876
    - path: configs/config.yaml
      md5: 2f06fa75d45cd5316539b1631480774b
      size: 427
    - path: src/stage_03_train.py
      md5: e905f9ba885882bb44a4d19233b35f6b
      size: 2145
    - path: src/utils/common.py
      md5: a9bd2172b6d5d14931e59c0fad897a58
      size: 946
    params:
      params.yaml:
        train.min_split: 16
        train.n_est: 100
        train.seed: 2021
    outs:
    - path: artifacts/model/model.pkl
      md5: 6f49b7e70e19f962c073a8ad1a57a7ea
      size: 3058937
  run_plots_command:
    cmd: dvc plots diff
  evaluate:
    cmd: python src/stage_04_evaluate.py --config=configs/config.yaml
    deps:
    - path: artifacts/features/test.pkl
      md5: 143e1eba1faa704bc71fc48bbb3bcb8b
      size: 3702500
    - path: artifacts/model/model.pkl
      md5: 6f49b7e70e19f962c073a8ad1a57a7ea
      size: 3058937
    - path: configs/config.yaml
      md5: 2f06fa75d45cd5316539b1631480774b
      size: 427
    - path: src/stage_04_evaluate.py
      md5: 51d3f0ad9626cdf2a725e3ce6ccc1526
      size: 2736
    - path: src/utils/common.py
      md5: a9bd2172b6d5d14931e59c0fad897a58
      size: 946
    outs:
    - path: prc.json
      md5: 89f61557ba5f0acac8429549253f2f20
      size: 135887
    - path: roc.json
      md5: 0a0caee6b4886b368a1887d4716d77b1
      size: 131545
    - path: scores.json
      md5: 2e24e343b5cb093fa50729244cf1cff3
      size: 73
